// !$*UTF8*$!
{
	archiveVersion = 1;
	classes = {
	};
	objectVersion = 50;
	objects = {

/* Begin PBXBuildFile section */
		EF06126020BE876100C24CB9 /* PullUpHeader.xib in Resources */ = {isa = PBXBuildFile; fileRef = EF06125F20BE876100C24CB9 /* PullUpHeader.xib */; };
		EF0FE17E20BF8C60007B2FE8 /* LeftPanelDemoVC.swift in Sources */ = {isa = PBXBuildFile; fileRef = EF0FE17D20BF8C60007B2FE8 /* LeftPanelDemoVC.swift */; };
		EF0FE18120BF8CDE007B2FE8 /* MenuViewController.swift in Sources */ = {isa = PBXBuildFile; fileRef = EF0FE18020BF8CDE007B2FE8 /* MenuViewController.swift */; };
		EF0FE18820BF9D20007B2FE8 /* Extension.swift in Sources */ = {isa = PBXBuildFile; fileRef = EF0FE18720BF9D20007B2FE8 /* Extension.swift */; };
		EF0FE18B20BFCD45007B2FE8 /* BaseSideViewController.swift in Sources */ = {isa = PBXBuildFile; fileRef = EF0FE18A20BFCD45007B2FE8 /* BaseSideViewController.swift */; };
		EF26EB9E20BE451B0064C3A7 /* PullUpViewController.swift in Sources */ = {isa = PBXBuildFile; fileRef = EF26EB9D20BE451B0064C3A7 /* PullUpViewController.swift */; };
		EF26EBA020BE45520064C3A7 /* PullUpDemoVC.swift in Sources */ = {isa = PBXBuildFile; fileRef = EF26EB9F20BE45520064C3A7 /* PullUpDemoVC.swift */; };
		EF2B21EB20BD2B4A00031DA4 /* AppDelegate.swift in Sources */ = {isa = PBXBuildFile; fileRef = EF2B21EA20BD2B4A00031DA4 /* AppDelegate.swift */; };
		EF2B21F020BD2B4A00031DA4 /* Main.storyboard in Resources */ = {isa = PBXBuildFile; fileRef = EF2B21EE20BD2B4A00031DA4 /* Main.storyboard */; };
		EF2B21F220BD2B4B00031DA4 /* Assets.xcassets in Resources */ = {isa = PBXBuildFile; fileRef = EF2B21F120BD2B4B00031DA4 /* Assets.xcassets */; };
		EF2B21F520BD2B4B00031DA4 /* LaunchScreen.storyboard in Resources */ = {isa = PBXBuildFile; fileRef = EF2B21F320BD2B4B00031DA4 /* LaunchScreen.storyboard */; };
		EF6BEF0520BFFB88007991D7 /* SegmentBarView.swift in Sources */ = {isa = PBXBuildFile; fileRef = EF6BEF0420BFFB88007991D7 /* SegmentBarView.swift */; };
/* End PBXBuildFile section */

/* Begin PBXFileReference section */
		EF06125F20BE876100C24CB9 /* PullUpHeader.xib */ = {isa = PBXFileReference; lastKnownFileType = file.xib; path = PullUpHeader.xib; sourceTree = "<group>"; };
		EF0FE17D20BF8C60007B2FE8 /* LeftPanelDemoVC.swift */ = {isa = PBXFileReference; lastKnownFileType = sourcecode.swift; path = LeftPanelDemoVC.swift; sourceTree = "<group>"; };
		EF0FE18020BF8CDE007B2FE8 /* MenuViewController.swift */ = {isa = PBXFileReference; lastKnownFileType = sourcecode.swift; path = MenuViewController.swift; sourceTree = "<group>"; };
		EF0FE18720BF9D20007B2FE8 /* Extension.swift */ = {isa = PBXFileReference; lastKnownFileType = sourcecode.swift; path = Extension.swift; sourceTree = "<group>"; };
		EF0FE18A20BFCD45007B2FE8 /* BaseSideViewController.swift */ = {isa = PBXFileReference; lastKnownFileType = sourcecode.swift; path = BaseSideViewController.swift; sourceTree = "<group>"; };
		EF26EB9D20BE451B0064C3A7 /* PullUpViewController.swift */ = {isa = PBXFileReference; lastKnownFileType = sourcecode.swift; path = PullUpViewController.swift; sourceTree = "<group>"; };
		EF26EB9F20BE45520064C3A7 /* PullUpDemoVC.swift */ = {isa = PBXFileReference; lastKnownFileType = sourcecode.swift; path = PullUpDemoVC.swift; sourceTree = "<group>"; };
		EF2B21E720BD2B4A00031DA4 /* MVWComponent.app */ = {isa = PBXFileReference; explicitFileType = wrapper.application; includeInIndex = 0; path = MVWComponent.app; sourceTree = BUILT_PRODUCTS_DIR; };
		EF2B21EA20BD2B4A00031DA4 /* AppDelegate.swift */ = {isa = PBXFileReference; lastKnownFileType = sourcecode.swift; path = AppDelegate.swift; sourceTree = "<group>"; };
		EF2B21EF20BD2B4A00031DA4 /* Base */ = {isa = PBXFileReference; lastKnownFileType = file.storyboard; name = Base; path = Base.lproj/Main.storyboard; sourceTree = "<group>"; };
		EF2B21F120BD2B4B00031DA4 /* Assets.xcassets */ = {isa = PBXFileReference; lastKnownFileType = folder.assetcatalog; path = Assets.xcassets; sourceTree = "<group>"; };
		EF2B21F420BD2B4B00031DA4 /* Base */ = {isa = PBXFileReference; lastKnownFileType = file.storyboard; name = Base; path = Base.lproj/LaunchScreen.storyboard; sourceTree = "<group>"; };
		EF2B21F620BD2B4B00031DA4 /* Info.plist */ = {isa = PBXFileReference; lastKnownFileType = text.plist.xml; path = Info.plist; sourceTree = "<group>"; };
		EF6BEF0420BFFB88007991D7 /* SegmentBarView.swift */ = {isa = PBXFileReference; lastKnownFileType = sourcecode.swift; path = SegmentBarView.swift; sourceTree = "<group>"; };
/* End PBXFileReference section */

/* Begin PBXFrameworksBuildPhase section */
		EF2B21E420BD2B4A00031DA4 /* Frameworks */ = {
			isa = PBXFrameworksBuildPhase;
			buildActionMask = 2147483647;
			files = (
			);
			runOnlyForDeploymentPostprocessing = 0;
		};
/* End PBXFrameworksBuildPhase section */

/* Begin PBXGroup section */
		EF0FE17C20BF8C3F007B2FE8 /* LeftPanelDemo */ = {
			isa = PBXGroup;
			children = (
				EF0FE17D20BF8C60007B2FE8 /* LeftPanelDemoVC.swift */,
			);
			path = LeftPanelDemo;
			sourceTree = "<group>";
		};
		EF0FE17F20BF8CB6007B2FE8 /* Menu */ = {
			isa = PBXGroup;
			children = (
				EF0FE18020BF8CDE007B2FE8 /* MenuViewController.swift */,
				EF0FE18A20BFCD45007B2FE8 /* BaseSideViewController.swift */,
			);
			path = Menu;
			sourceTree = "<group>";
		};
		EF0FE18620BF9D12007B2FE8 /* Common */ = {
			isa = PBXGroup;
			children = (
				EF0FE18720BF9D20007B2FE8 /* Extension.swift */,
			);
			path = Common;
			sourceTree = "<group>";
		};
		EF2B21DE20BD2B4A00031DA4 = {
			isa = PBXGroup;
			children = (
				EF2B21E920BD2B4A00031DA4 /* MVWComponent */,
				EF2B21E820BD2B4A00031DA4 /* Products */,
			);
			sourceTree = "<group>";
		};
		EF2B21E820BD2B4A00031DA4 /* Products */ = {
			isa = PBXGroup;
			children = (
				EF2B21E720BD2B4A00031DA4 /* MVWComponent.app */,
			);
			name = Products;
			sourceTree = "<group>";
		};
		EF2B21E920BD2B4A00031DA4 /* MVWComponent */ = {
			isa = PBXGroup;
			children = (
				EF2B21FC20BD2C7500031DA4 /* Component */,
				EF2B220020BD2DC100031DA4 /* ViewControllers */,
				EF2B21EA20BD2B4A00031DA4 /* AppDelegate.swift */,
				EF2B21EE20BD2B4A00031DA4 /* Main.storyboard */,
				EF2B21F120BD2B4B00031DA4 /* Assets.xcassets */,
				EF2B21F320BD2B4B00031DA4 /* LaunchScreen.storyboard */,
				EF2B21F620BD2B4B00031DA4 /* Info.plist */,
			);
			path = MVWComponent;
			sourceTree = "<group>";
		};
		EF2B21FC20BD2C7500031DA4 /* Component */ = {
			isa = PBXGroup;
			children = (
				EF6BEF0320BFFB33007991D7 /* SegmentBar */,
				EF0FE18620BF9D12007B2FE8 /* Common */,
				EF0FE17F20BF8CB6007B2FE8 /* Menu */,
				EF2B21FD20BD2C8900031DA4 /* PullUp */,
			);
			path = Component;
			sourceTree = "<group>";
		};
		EF2B21FD20BD2C8900031DA4 /* PullUp */ = {
			isa = PBXGroup;
			children = (
				EF26EB9D20BE451B0064C3A7 /* PullUpViewController.swift */,
			);
			path = PullUp;
			sourceTree = "<group>";
		};
		EF2B220020BD2DC100031DA4 /* ViewControllers */ = {
			isa = PBXGroup;
			children = (
				EF0FE17C20BF8C3F007B2FE8 /* LeftPanelDemo */,
				EF56F18A20BE913800724712 /* PullUpDemo */,
			);
			path = ViewControllers;
			sourceTree = "<group>";
		};
		EF56F18A20BE913800724712 /* PullUpDemo */ = {
			isa = PBXGroup;
			children = (
				EF26EB9F20BE45520064C3A7 /* PullUpDemoVC.swift */,
				EF06125F20BE876100C24CB9 /* PullUpHeader.xib */,
			);
			path = PullUpDemo;
			sourceTree = "<group>";
		};
		EF6BEF0320BFFB33007991D7 /* SegmentBar */ = {
			isa = PBXGroup;
			children = (
				EF6BEF0420BFFB88007991D7 /* SegmentBarView.swift */,
			);
			path = SegmentBar;
			sourceTree = "<group>";
		};
/* End PBXGroup section */

/* Begin PBXNativeTarget section */
		EF2B21E620BD2B4A00031DA4 /* MVWComponent */ = {
			isa = PBXNativeTarget;
			buildConfigurationList = EF2B21F920BD2B4B00031DA4 /* Build configuration list for PBXNativeTarget "MVWComponent" */;
			buildPhases = (
				EF2B21E320BD2B4A00031DA4 /* Sources */,
				EF2B21E420BD2B4A00031DA4 /* Frameworks */,
				EF2B21E520BD2B4A00031DA4 /* Resources */,
			);
			buildRules = (
			);
			dependencies = (
			);
			name = MVWComponent;
			productName = MVWComponent;
			productReference = EF2B21E720BD2B4A00031DA4 /* MVWComponent.app */;
			productType = "com.apple.product-type.application";
		};
/* End PBXNativeTarget section */

/* Begin PBXProject section */
		EF2B21DF20BD2B4A00031DA4 /* Project object */ = {
			isa = PBXProject;
			attributes = {
				LastSwiftUpdateCheck = 0930;
				LastUpgradeCheck = 0930;
				ORGANIZATIONNAME = "Quyen Trinh";
				TargetAttributes = {
					EF2B21E620BD2B4A00031DA4 = {
						CreatedOnToolsVersion = 9.3.1;
					};
				};
			};
			buildConfigurationList = EF2B21E220BD2B4A00031DA4 /* Build configuration list for PBXProject "MVWComponent" */;
			compatibilityVersion = "Xcode 9.3";
			developmentRegion = en;
			hasScannedForEncodings = 0;
			knownRegions = (
				en,
				Base,
			);
			mainGroup = EF2B21DE20BD2B4A00031DA4;
			productRefGroup = EF2B21E820BD2B4A00031DA4 /* Products */;
			projectDirPath = "";
			projectRoot = "";
			targets = (
				EF2B21E620BD2B4A00031DA4 /* MVWComponent */,
			);
		};
/* End PBXProject section */

/* Begin PBXResourcesBuildPhase section */
		EF2B21E520BD2B4A00031DA4 /* Resources */ = {
			isa = PBXResourcesBuildPhase;
			buildActionMask = 2147483647;
			files = (
				EF06126020BE876100C24CB9 /* PullUpHeader.xib in Resources */,
				EF2B21F520BD2B4B00031DA4 /* LaunchScreen.storyboard in Resources */,
				EF2B21F220BD2B4B00031DA4 /* Assets.xcassets in Resources */,
				EF2B21F020BD2B4A00031DA4 /* Main.storyboard in Resources */,
			);
			runOnlyForDeploymentPostprocessing = 0;
		};
/* End PBXResourcesBuildPhase section */

/* Begin PBXSourcesBuildPhase section */
		EF2B21E320BD2B4A00031DA4 /* Sources */ = {
			isa = PBXSourcesBuildPhase;
			buildActionMask = 2147483647;
			files = (
				EF26EBA020BE45520064C3A7 /* PullUpDemoVC.swift in Sources */,
				EF0FE18B20BFCD45007B2FE8 /* BaseSideViewController.swift in Sources */,
				EF6BEF0520BFFB88007991D7 /* SegmentBarView.swift in Sources */,
				EF0FE18120BF8CDE007B2FE8 /* MenuViewController.swift in Sources */,
				EF0FE17E20BF8C60007B2FE8 /* LeftPanelDemoVC.swift in Sources */,
				EF0FE18820BF9D20007B2FE8 /* Extension.swift in Sources */,
				EF26EB9E20BE451B0064C3A7 /* PullUpViewController.swift in Sources */,
				EF2B21EB20BD2B4A00031DA4 /* AppDelegate.swift in Sources */,
			);
			runOnlyForDeploymentPostprocessing = 0;
		};
/* End PBXSourcesBuildPhase section */

/* Begin PBXVariantGroup section */
		EF2B21EE20BD2B4A00031DA4 /* Main.storyboard */ = {
			isa = PBXVariantGroup;
			children = (
				EF2B21EF20BD2B4A00031DA4 /* Base */,
			);
			name = Main.storyboard;
			sourceTree = "<group>";
		};
		EF2B21F320BD2B4B00031DA4 /* LaunchScreen.storyboard */ = {
			isa = PBXVariantGroup;
			children = (
				EF2B21F420BD2B4B00031DA4 /* Base */,
			);
			name = LaunchScreen.storyboard;
			sourceTree = "<group>";
		};
/* End PBXVariantGroup section */

/* Begin XCBuildConfiguration section */
		EF2B21F720BD2B4B00031DA4 /* Debug */ = {
			isa = XCBuildConfiguration;
			buildSettings = {
				ALWAYS_SEARCH_USER_PATHS = NO;
				CLANG_ANALYZER_NONNULL = YES;
				CLANG_ANALYZER_NUMBER_OBJECT_CONVERSION = YES_AGGRESSIVE;
				CLANG_CXX_LANGUAGE_STANDARD = "gnu++14";
				CLANG_CXX_LIBRARY = "libc++";
				CLANG_ENABLE_MODULES = YES;
				CLANG_ENABLE_OBJC_ARC = YES;
				CLANG_ENABLE_OBJC_WEAK = YES;
				CLANG_WARN_BLOCK_CAPTURE_AUTORELEASING = YES;
				CLANG_WARN_BOOL_CONVERSION = YES;
				CLANG_WARN_COMMA = YES;
				CLANG_WARN_CONSTANT_CONVERSION = YES;
				CLANG_WARN_DEPRECATED_OBJC_IMPLEMENTATIONS = YES;
				CLANG_WARN_DIRECT_OBJC_ISA_USAGE = YES_ERROR;
				CLANG_WARN_DOCUMENTATION_COMMENTS = YES;
				CLANG_WARN_EMPTY_BODY = YES;
				CLANG_WARN_ENUM_CONVERSION = YES;
				CLANG_WARN_INFINITE_RECURSION = YES;
				CLANG_WARN_INT_CONVERSION = YES;
				CLANG_WARN_NON_LITERAL_NULL_CONVERSION = YES;
				CLANG_WARN_OBJC_IMPLICIT_RETAIN_SELF = YES;
				CLANG_WARN_OBJC_LITERAL_CONVERSION = YES;
				CLANG_WARN_OBJC_ROOT_CLASS = YES_ERROR;
				CLANG_WARN_RANGE_LOOP_ANALYSIS = YES;
				CLANG_WARN_STRICT_PROTOTYPES = YES;
				CLANG_WARN_SUSPICIOUS_MOVE = YES;
				CLANG_WARN_UNGUARDED_AVAILABILITY = YES_AGGRESSIVE;
				CLANG_WARN_UNREACHABLE_CODE = YES;
				CLANG_WARN__DUPLICATE_METHOD_MATCH = YES;
				CODE_SIGN_IDENTITY = "iPhone Developer";
				COPY_PHASE_STRIP = NO;
				DEBUG_INFORMATION_FORMAT = dwarf;
				ENABLE_STRICT_OBJC_MSGSEND = YES;
				ENABLE_TESTABILITY = YES;
				GCC_C_LANGUAGE_STANDARD = gnu11;
				GCC_DYNAMIC_NO_PIC = NO;
				GCC_NO_COMMON_BLOCKS = YES;
				GCC_OPTIMIZATION_LEVEL = 0;
				GCC_PREPROCESSOR_DEFINITIONS = (
					"DEBUG=1",
					"$(inherited)",
				);
				GCC_WARN_64_TO_32_BIT_CONVERSION = YES;
				GCC_WARN_ABOUT_RETURN_TYPE = YES_ERROR;
				GCC_WARN_UNDECLARED_SELECTOR = YES;
				GCC_WARN_UNINITIALIZED_AUTOS = YES_AGGRESSIVE;
				GCC_WARN_UNUSED_FUNCTION = YES;
				GCC_WARN_UNUSED_VARIABLE = YES;
				IPHONEOS_DEPLOYMENT_TARGET = 11.3;
				MTL_ENABLE_DEBUG_INFO = YES;
				ONLY_ACTIVE_ARCH = YES;
				SDKROOT = iphoneos;
				SWIFT_ACTIVE_COMPILATION_CONDITIONS = DEBUG;
				SWIFT_OPTIMIZATION_LEVEL = "-Onone";
			};
			name = Debug;
		};
		EF2B21F820BD2B4B00031DA4 /* Release */ = {
			isa = XCBuildConfiguration;
			buildSettings = {
				ALWAYS_SEARCH_USER_PATHS = NO;
				CLANG_ANALYZER_NONNULL = YES;
				CLANG_ANALYZER_NUMBER_OBJECT_CONVERSION = YES_AGGRESSIVE;
				CLANG_CXX_LANGUAGE_STANDARD = "gnu++14";
				CLANG_CXX_LIBRARY = "libc++";
				CLANG_ENABLE_MODULES = YES;
				CLANG_ENABLE_OBJC_ARC = YES;
				CLANG_ENABLE_OBJC_WEAK = YES;
				CLANG_WARN_BLOCK_CAPTURE_AUTORELEASING = YES;
				CLANG_WARN_BOOL_CONVERSION = YES;
				CLANG_WARN_COMMA = YES;
				CLANG_WARN_CONSTANT_CONVERSION = YES;
				CLANG_WARN_DEPRECATED_OBJC_IMPLEMENTATIONS = YES;
				CLANG_WARN_DIRECT_OBJC_ISA_USAGE = YES_ERROR;
				CLANG_WARN_DOCUMENTATION_COMMENTS = YES;
				CLANG_WARN_EMPTY_BODY = YES;
				CLANG_WARN_ENUM_CONVERSION = YES;
				CLANG_WARN_INFINITE_RECURSION = YES;
				CLANG_WARN_INT_CONVERSION = YES;
				CLANG_WARN_NON_LITERAL_NULL_CONVERSION = YES;
				CLANG_WARN_OBJC_IMPLICIT_RETAIN_SELF = YES;
				CLANG_WARN_OBJC_LITERAL_CONVERSION = YES;
				CLANG_WARN_OBJC_ROOT_CLASS = YES_ERROR;
				CLANG_WARN_RANGE_LOOP_ANALYSIS = YES;
				CLANG_WARN_STRICT_PROTOTYPES = YES;
				CLANG_WARN_SUSPICIOUS_MOVE = YES;
				CLANG_WARN_UNGUARDED_AVAILABILITY = YES_AGGRESSIVE;
				CLANG_WARN_UNREACHABLE_CODE = YES;
				CLANG_WARN__DUPLICATE_METHOD_MATCH = YES;
				CODE_SIGN_IDENTITY = "iPhone Developer";
				COPY_PHASE_STRIP = NO;
				DEBUG_INFORMATION_FORMAT = "dwarf-with-dsym";
				ENABLE_NS_ASSERTIONS = NO;
				ENABLE_STRICT_OBJC_MSGSEND = YES;
				GCC_C_LANGUAGE_STANDARD = gnu11;
				GCC_NO_COMMON_BLOCKS = YES;
				GCC_WARN_64_TO_32_BIT_CONVERSION = YES;
				GCC_WARN_ABOUT_RETURN_TYPE = YES_ERROR;
				GCC_WARN_UNDECLARED_SELECTOR = YES;
				GCC_WARN_UNINITIALIZED_AUTOS = YES_AGGRESSIVE;
				GCC_WARN_UNUSED_FUNCTION = YES;
				GCC_WARN_UNUSED_VARIABLE = YES;
				IPHONEOS_DEPLOYMENT_TARGET = 11.3;
				MTL_ENABLE_DEBUG_INFO = NO;
				SDKROOT = iphoneos;
				SWIFT_COMPILATION_MODE = wholemodule;
				SWIFT_OPTIMIZATION_LEVEL = "-O";
				VALIDATE_PRODUCT = YES;
			};
			name = Release;
		};
		EF2B21FA20BD2B4B00031DA4 /* Debug */ = {
			isa = XCBuildConfiguration;
			buildSettings = {
				ASSETCATALOG_COMPILER_APPICON_NAME = AppIcon;
				CODE_SIGN_STYLE = Automatic;
				INFOPLIST_FILE = MVWComponent/Info.plist;
				LD_RUNPATH_SEARCH_PATHS = (
					"$(inherited)",
					"@executable_path/Frameworks",
				);
				PRODUCT_BUNDLE_IDENTIFIER = com.quyentrinh.MVWComponent;
				PRODUCT_NAME = "$(TARGET_NAME)";
				SWIFT_VERSION = 4.0;
				TARGETED_DEVICE_FAMILY = "1,2";
			};
			name = Debug;
		};
		EF2B21FB20BD2B4B00031DA4 /* Release */ = {
			isa = XCBuildConfiguration;
			buildSettings = {
				ASSETCATALOG_COMPILER_APPICON_NAME = AppIcon;
				CODE_SIGN_STYLE = Automatic;
				INFOPLIST_FILE = MVWComponent/Info.plist;
				LD_RUNPATH_SEARCH_PATHS = (
					"$(inherited)",
					"@executable_path/Frameworks",
				);
				PRODUCT_BUNDLE_IDENTIFIER = com.quyentrinh.MVWComponent;
				PRODUCT_NAME = "$(TARGET_NAME)";
				SWIFT_VERSION = 4.0;
				TARGETED_DEVICE_FAMILY = "1,2";
			};
			name = Release;
		};
/* End XCBuildConfiguration section */

/* Begin XCConfigurationList section */
		EF2B21E220BD2B4A00031DA4 /* Build configuration list for PBXProject "MVWComponent" */ = {
			isa = XCConfigurationList;
			buildConfigurations = (
				EF2B21F720BD2B4B00031DA4 /* Debug */,
				EF2B21F820BD2B4B00031DA4 /* Release */,
			);
			defaultConfigurationIsVisible = 0;
			defaultConfigurationName = Release;
		};
		EF2B21F920BD2B4B00031DA4 /* Build configuration list for PBXNativeTarget "MVWComponent" */ = {
			isa = XCConfigurationList;
			buildConfigurations = (
				EF2B21FA20BD2B4B00031DA4 /* Debug */,
				EF2B21FB20BD2B4B00031DA4 /* Release */,
			);
			defaultConfigurationIsVisible = 0;
			defaultConfigurationName = Release;
		};
/* End XCConfigurationList section */
	};
	rootObject = EF2B21DF20BD2B4A00031DA4 /* Project object */;
}
